
Microsoft Visual Studio Solution File, Format Version 12.00
# Visual Studio Version 16
VisualStudioVersion = 16.0.30204.135
MinimumVisualStudioVersion = 10.0.40219.1
Project("{FAE04EC0-301F-11D3-BF4B-00C04F79EFBC}") = "Studentdatabase management system", "Studentdatabase management system\Studentdatabase management system.csproj", "{FAA24ABF-DB7E-421A-9A9D-DE898AE6790F}"
EndProject
Global
	GlobalSection(SolutionConfigurationPlatforms) = preSolution
		Debug|Any CPU = Debug|Any CPU
		Release|Any CPU = Release|Any CPU
	EndGlobalSection
	GlobalSection(ProjectConfigurationPlatforms) = postSolution
		{FAA24ABF-DB7E-421A-9A9D-DE898AE6790F}.Debug|Any CPU.ActiveCfg = Debug|Any CPU
		{FAA24ABF-DB7E-421A-9A9D-DE898AE6790F}.Debug|Any CPU.Build.0 = Debug|Any CPU
		{FAA24ABF-DB7E-421A-9A9D-DE898AE6790F}.Release|Any CPU.ActiveCfg = Release|Any CPU
		{FAA24ABF-DB7E-421A-9A9D-DE898AE6790F}.Release|Any CPU.Build.0 = Release|Any CPU
	EndGlobalSection
	GlobalSection(SolutionProperties) = preSolution
		HideSolutionNode = FALSE
	EndGlobalSection
	GlobalSection(ExtensibilityGlobals) = postSolution
		SolutionGuid = {11C4A761-4CF4-44F3-9B1A-2C4CC60E5D45}
	EndGlobalSection
EndGlobal
